
Microsoft Visual Studio Solution File, Format Version 12.00
# Visual Studio 15
Project("{FAE04EC0-301F-11D3-BF4B-00C04F79EFBC}") = "Thinktecture.Docker.WebAPI", "Thinktecture.Docker.WebAPI\Thinktecture.Docker.WebAPI.csproj", "{0BE48C5A-267A-4F58-B8E3-EA4E3CFB4877}"
EndProject
Global
	GlobalSection(SolutionConfigurationPlatforms) = preSolution
		Debug|Any CPU = Debug|Any CPU
		Release|Any CPU = Release|Any CPU
	EndGlobalSection
	GlobalSection(ProjectConfigurationPlatforms) = postSolution
		{0BE48C5A-267A-4F58-B8E3-EA4E3CFB4877}.Debug|Any CPU.ActiveCfg = Debug|Any CPU
		{0BE48C5A-267A-4F58-B8E3-EA4E3CFB4877}.Debug|Any CPU.Build.0 = Debug|Any CPU
		{0BE48C5A-267A-4F58-B8E3-EA4E3CFB4877}.Release|Any CPU.ActiveCfg = Release|Any CPU
		{0BE48C5A-267A-4F58-B8E3-EA4E3CFB4877}.Release|Any CPU.Build.0 = Release|Any CPU
	EndGlobalSection
EndGlobal
